
Microsoft Visual Studio Solution File, Format Version 12.00
# Visual Studio Express 2013 for Web
VisualStudioVersion = 12.0.30723.0
MinimumVisualStudioVersion = 10.0.40219.1
Project("{FAE04EC0-301F-11D3-BF4B-00C04F79EFBC}") = "EmployeeDirectory", "EmployeeDirectory\EmployeeDirectory.csproj", "{25C15BCE-62B2-4C85-869C-6F444C7FEEED}"
EndProject
Project("{FAE04EC0-301F-11D3-BF4B-00C04F79EFBC}") = "EmployeeDirectory.Tests", "..\..\..\Documents\Visual Studio 2013\Projects\EmployeeDirectory\EmployeeDirectory.Tests\EmployeeDirectory.Tests.csproj", "{F5A52A3D-A72F-403C-B76D-D769DB6232E8}"
EndProject
Global
	GlobalSection(SolutionConfigurationPlatforms) = preSolution
		Debug|Any CPU = Debug|Any CPU
		Release|Any CPU = Release|Any CPU
	EndGlobalSection
	GlobalSection(ProjectConfigurationPlatforms) = postSolution
		{25C15BCE-62B2-4C85-869C-6F444C7FEEED}.Debug|Any CPU.ActiveCfg = Debug|Any CPU
		{25C15BCE-62B2-4C85-869C-6F444C7FEEED}.Debug|Any CPU.Build.0 = Debug|Any CPU
		{25C15BCE-62B2-4C85-869C-6F444C7FEEED}.Release|Any CPU.ActiveCfg = Release|Any CPU
		{25C15BCE-62B2-4C85-869C-6F444C7FEEED}.Release|Any CPU.Build.0 = Release|Any CPU
		{F5A52A3D-A72F-403C-B76D-D769DB6232E8}.Debug|Any CPU.ActiveCfg = Debug|Any CPU
		{F5A52A3D-A72F-403C-B76D-D769DB6232E8}.Debug|Any CPU.Build.0 = Debug|Any CPU
		{F5A52A3D-A72F-403C-B76D-D769DB6232E8}.Release|Any CPU.ActiveCfg = Release|Any CPU
		{F5A52A3D-A72F-403C-B76D-D769DB6232E8}.Release|Any CPU.Build.0 = Release|Any CPU
	EndGlobalSection
	GlobalSection(SolutionProperties) = preSolution
		HideSolutionNode = FALSE
	EndGlobalSection
EndGlobal
